
Microsoft Visual Studio Solution File, Format Version 12.00
# Visual Studio Version 17
VisualStudioVersion = 17.0.32126.317
MinimumVisualStudioVersion = 10.0.40219.1
Project("{FAE04EC0-301F-11D3-BF4B-00C04F79EFBC}") = "CGlab4", "CGlab4\CGlab4.csproj", "{D24FCFE5-79C7-4945-ACAD-B9ECD788EED2}"
EndProject
Global
	GlobalSection(SolutionConfigurationPlatforms) = preSolution
		Debug|Any CPU = Debug|Any CPU
		Release|Any CPU = Release|Any CPU
	EndGlobalSection
	GlobalSection(ProjectConfigurationPlatforms) = postSolution
		{D24FCFE5-79C7-4945-ACAD-B9ECD788EED2}.Debug|Any CPU.ActiveCfg = Debug|Any CPU
		{D24FCFE5-79C7-4945-ACAD-B9ECD788EED2}.Debug|Any CPU.Build.0 = Debug|Any CPU
		{D24FCFE5-79C7-4945-ACAD-B9ECD788EED2}.Release|Any CPU.ActiveCfg = Release|Any CPU
		{D24FCFE5-79C7-4945-ACAD-B9ECD788EED2}.Release|Any CPU.Build.0 = Release|Any CPU
	EndGlobalSection
	GlobalSection(SolutionProperties) = preSolution
		HideSolutionNode = FALSE
	EndGlobalSection
	GlobalSection(ExtensibilityGlobals) = postSolution
		SolutionGuid = {5D63A98A-88DF-4DFD-8B33-5DDE07973B5D}
	EndGlobalSection
EndGlobal
